
Microsoft Visual Studio Solution File, Format Version 12.00
# Visual Studio Version 16
VisualStudioVersion = 16.0.30711.63
MinimumVisualStudioVersion = 10.0.40219.1
Project("{FAE04EC0-301F-11D3-BF4B-00C04F79EFBC}") = "HW_5_IdentityCards", "HW_5_IdentityCards.csproj", "{1FF325F6-C701-411C-9D5D-629A67ACBC9C}"
EndProject
Global
	GlobalSection(SolutionConfigurationPlatforms) = preSolution
		Debug|Any CPU = Debug|Any CPU
		Release|Any CPU = Release|Any CPU
	EndGlobalSection
	GlobalSection(ProjectConfigurationPlatforms) = postSolution
		{1FF325F6-C701-411C-9D5D-629A67ACBC9C}.Debug|Any CPU.ActiveCfg = Debug|Any CPU
		{1FF325F6-C701-411C-9D5D-629A67ACBC9C}.Debug|Any CPU.Build.0 = Debug|Any CPU
		{1FF325F6-C701-411C-9D5D-629A67ACBC9C}.Release|Any CPU.ActiveCfg = Release|Any CPU
		{1FF325F6-C701-411C-9D5D-629A67ACBC9C}.Release|Any CPU.Build.0 = Release|Any CPU
	EndGlobalSection
	GlobalSection(SolutionProperties) = preSolution
		HideSolutionNode = FALSE
	EndGlobalSection
	GlobalSection(ExtensibilityGlobals) = postSolution
		SolutionGuid = {EC971A64-F189-4BFC-B379-DB23CE42800C}
	EndGlobalSection
EndGlobal
